
Microsoft Visual Studio Solution File, Format Version 12.00
# Visual Studio Version 16
VisualStudioVersion = 16.0.29215.179
MinimumVisualStudioVersion = 10.0.40219.1
Project("{FAE04EC0-301F-11D3-BF4B-00C04F79EFBC}") = "FinalProject", "FinalProject.csproj", "{2FAFA1A9-1B4F-4D86-8091-6BA63DA67AB5}"
EndProject
Global
	GlobalSection(SolutionConfigurationPlatforms) = preSolution
		Debug|Any CPU = Debug|Any CPU
		Release|Any CPU = Release|Any CPU
	EndGlobalSection
	GlobalSection(ProjectConfigurationPlatforms) = postSolution
		{2FAFA1A9-1B4F-4D86-8091-6BA63DA67AB5}.Debug|Any CPU.ActiveCfg = Debug|Any CPU
		{2FAFA1A9-1B4F-4D86-8091-6BA63DA67AB5}.Debug|Any CPU.Build.0 = Debug|Any CPU
		{2FAFA1A9-1B4F-4D86-8091-6BA63DA67AB5}.Release|Any CPU.ActiveCfg = Release|Any CPU
		{2FAFA1A9-1B4F-4D86-8091-6BA63DA67AB5}.Release|Any CPU.Build.0 = Release|Any CPU
	EndGlobalSection
	GlobalSection(SolutionProperties) = preSolution
		HideSolutionNode = FALSE
	EndGlobalSection
	GlobalSection(ExtensibilityGlobals) = postSolution
		SolutionGuid = {F615969B-BFC2-45FF-B232-6103027D89BD}
	EndGlobalSection
EndGlobal
